{
    "version": 3,
    "terraform_version": "0.9.4",
    "serial": 8,
    "lineage": "51f4a110-d730-4a07-9ecf-17db6aa903c0",
    "modules": [
        {
            "path": [
                "root"
            ],
            "outputs": {
                "hostname": {
                    "sensitive": false,
                    "type": "string",
                    "value": ""
                }
            },
            "resources": {},
            "depends_on": []
        },
        {
            "path": [
                "root",
                "beanstalk"
            ],
            "outputs": {
                "aws_elastic_beanstalk_cname": {
                    "sensitive": false,
                    "type": "string",
                    "value": ""
                }
            },
            "resources": {
                "aws_elastic_beanstalk_application.main": {
                    "type": "aws_elastic_beanstalk_application",
                    "depends_on": [],
                    "primary": {
                        "id": "tf_getting_started_java",
                        "attributes": {
                            "description": "An example beanstalk app in java",
                            "id": "tf_getting_started_java",
                            "name": "tf_getting_started_java"
                        },
                        "meta": {},
                        "tainted": false
                    },
                    "deposed": [],
                    "provider": ""
                },
                "aws_elastic_beanstalk_environment.main": {
                    "type": "aws_elastic_beanstalk_environment",
                    "depends_on": [
                        "aws_elastic_beanstalk_application.main",
                        "aws_subnet.main",
                        "aws_vpc.main"
                    ],
                    "primary": {
                        "id": "e-qwankb2p7q",
                        "attributes": {
                            "all_settings.#": "69",
                            "all_settings.1055035439.name": "RootVolumeType",
                            "all_settings.1055035439.namespace": "aws:autoscaling:launchconfiguration",
                            "all_settings.1055035439.resource": "",
                            "all_settings.1055035439.value": "",
                            "all_settings.1225551841.name": "Availability Zones",
                            "all_settings.1225551841.namespace": "aws:autoscaling:asg",
                            "all_settings.1225551841.resource": "",
                            "all_settings.1225551841.value": "Any",
                            "all_settings.1271949773.name": "AppSource",
                            "all_settings.1271949773.namespace": "aws:cloudformation:template:parameter",
                            "all_settings.1271949773.resource": "",
                            "all_settings.1271949773.value": "https://elasticbeanstalk-samples-us-east-1.s3.amazonaws.com/java-sample-app-v2.zip",
                            "all_settings.1283921725.name": "PORT",
                            "all_settings.1283921725.namespace": "aws:elasticbeanstalk:application:environment",
                            "all_settings.1283921725.resource": "",
                            "all_settings.1283921725.value": "8000",
                            "all_settings.1310238849.name": "M2",
                            "all_settings.1310238849.namespace": "aws:elasticbeanstalk:application:environment",
                            "all_settings.1310238849.resource": "",
                            "all_settings.1310238849.value": "/usr/local/apache-maven/bin",
                            "all_settings.1312309504.name": "MinInstancesInService",
                            "all_settings.1312309504.namespace": "aws:autoscaling:updatepolicy:rollingupdate",
                            "all_settings.1312309504.resource": "",
                            "all_settings.1312309504.value": "",
                            "all_settings.1328792400.name": "JAVA_HOME",
                            "all_settings.1328792400.namespace": "aws:elasticbeanstalk:application:environment",
                            "all_settings.1328792400.resource": "",
                            "all_settings.1328792400.value": "/usr/lib/jvm/java",
                            "all_settings.1384328253.name": "ELBScheme",
                            "all_settings.1384328253.namespace": "aws:ec2:vpc",
                            "all_settings.1384328253.resource": "",
                            "all_settings.1384328253.value": "public",
                            "all_settings.1407657142.name": "ELBSubnets",
                            "all_settings.1407657142.namespace": "aws:ec2:vpc",
                            "all_settings.1407657142.resource": "",
                            "all_settings.1407657142.value": "subnet-64441358",
                            "all_settings.1413020927.name": "ConfigDocument",
                            "all_settings.1413020927.namespace": "aws:elasticbeanstalk:healthreporting:system",
                            "all_settings.1413020927.resource": "",
                            "all_settings.1413020927.value": "{\"Version\":1,\"CloudWatchMetrics\":{\"Instance\":{\"CPUIrq\":null,\"LoadAverage5min\":null,\"ApplicationRequests5xx\":null,\"ApplicationRequests4xx\":null,\"CPUUser\":null,\"LoadAverage1min\":null,\"ApplicationLatencyP50\":null,\"CPUIdle\":null,\"InstanceHealth\":null,\"ApplicationLatencyP95\":null,\"ApplicationLatencyP85\":null,\"RootFilesystemUtil\":null,\"ApplicationLatencyP90\":null,\"CPUSystem\":null,\"ApplicationLatencyP75\":null,\"CPUSoftirq\":null,\"ApplicationLatencyP10\":null,\"ApplicationLatencyP99\":null,\"ApplicationRequestsTotal\":null,\"ApplicationLatencyP99.9\":null,\"ApplicationRequests3xx\":null,\"ApplicationRequests2xx\":null,\"CPUIowait\":null,\"CPUNice\":null},\"Environment\":{\"InstancesSevere\":null,\"InstancesDegraded\":null,\"ApplicationRequests5xx\":null,\"ApplicationRequests4xx\":null,\"ApplicationLatencyP50\":null,\"ApplicationLatencyP95\":null,\"ApplicationLatencyP85\":null,\"InstancesUnknown\":null,\"ApplicationLatencyP90\":null,\"InstancesInfo\":null,\"InstancesPending\":null,\"ApplicationLatencyP75\":null,\"ApplicationLatencyP10\":null,\"ApplicationLatencyP99\":null,\"ApplicationRequestsTotal\":null,\"InstancesNoData\":null,\"ApplicationLatencyP99.9\":null,\"ApplicationRequests3xx\":null,\"ApplicationRequests2xx\":null,\"InstancesOk\":null,\"InstancesWarning\":null}}}",
                            "all_settings.1429395430.name": "AssociatePublicIpAddress",
                            "all_settings.1429395430.namespace": "aws:ec2:vpc",
                            "all_settings.1429395430.resource": "",
                            "all_settings.1429395430.value": "false",
                            "all_settings.1487137936.name": "IgnoreHealthCheck",
                            "all_settings.1487137936.namespace": "aws:elasticbeanstalk:command",
                            "all_settings.1487137936.resource": "",
                            "all_settings.1487137936.value": "false",
                            "all_settings.1496496068.name": "MaxSize",
                            "all_settings.1496496068.namespace": "aws:autoscaling:asg",
                            "all_settings.1496496068.resource": "",
                            "all_settings.1496496068.value": "1",
                            "all_settings.1584820072.name": "Custom Availability Zones",
                            "all_settings.1584820072.namespace": "aws:autoscaling:asg",
                            "all_settings.1584820072.resource": "",
                            "all_settings.1584820072.value": "",
                            "all_settings.1824390401.name": "Notification Topic ARN",
                            "all_settings.1824390401.namespace": "aws:elasticbeanstalk:sns:topics",
                            "all_settings.1824390401.resource": "",
                            "all_settings.1824390401.value": "",
                            "all_settings.1839941942.name": "BlockDeviceMappings",
                            "all_settings.1839941942.namespace": "aws:autoscaling:launchconfiguration",
                            "all_settings.1839941942.resource": "",
                            "all_settings.1839941942.value": "",
                            "all_settings.1853127076.name": "Notification Endpoint",
                            "all_settings.1853127076.namespace": "aws:elasticbeanstalk:sns:topics",
                            "all_settings.1853127076.resource": "",
                            "all_settings.1853127076.value": "",
                            "all_settings.2207777926.name": "StreamLogs",
                            "all_settings.2207777926.namespace": "aws:elasticbeanstalk:cloudwatch:logs",
                            "all_settings.2207777926.resource": "",
                            "all_settings.2207777926.value": "false",
                            "all_settings.2210680385.name": "LaunchType",
                            "all_settings.2210680385.namespace": "aws:elasticbeanstalk:control",
                            "all_settings.2210680385.resource": "",
                            "all_settings.2210680385.value": "Migration",
                            "all_settings.2291226728.name": "InstanceType",
                            "all_settings.2291226728.namespace": "aws:autoscaling:launchconfiguration",
                            "all_settings.2291226728.resource": "",
                            "all_settings.2291226728.value": "t1.micro",
                            "all_settings.2378924418.name": "PreferredStartTime",
                            "all_settings.2378924418.namespace": "aws:elasticbeanstalk:managedactions",
                            "all_settings.2378924418.resource": "",
                            "all_settings.2378924418.value": "",
                            "all_settings.2396587397.name": "MinSize",
                            "all_settings.2396587397.namespace": "aws:autoscaling:asg",
                            "all_settings.2396587397.resource": "",
                            "all_settings.2396587397.value": "1",
                            "all_settings.2448050755.name": "Subnets",
                            "all_settings.2448050755.namespace": "aws:ec2:vpc",
                            "all_settings.2448050755.resource": "",
                            "all_settings.2448050755.value": "subnet-64441358",
                            "all_settings.2492456712.name": "LogPublicationControl",
                            "all_settings.2492456712.namespace": "aws:elasticbeanstalk:hostmanager",
                            "all_settings.2492456712.resource": "",
                            "all_settings.2492456712.value": "false",
                            "all_settings.2521334252.name": "InstanceRefreshEnabled",
                            "all_settings.2521334252.namespace": "aws:elasticbeanstalk:managedactions:platformupdate",
                            "all_settings.2521334252.resource": "",
                            "all_settings.2521334252.value": "false",
                            "all_settings.2558821935.name": "PauseTime",
                            "all_settings.2558821935.namespace": "aws:autoscaling:updatepolicy:rollingupdate",
                            "all_settings.2558821935.resource": "",
                            "all_settings.2558821935.value": "",
                            "all_settings.257781787.name": "ImageId",
                            "all_settings.257781787.namespace": "aws:autoscaling:launchconfiguration",
                            "all_settings.257781787.resource": "",
                            "all_settings.257781787.value": "ami-6eea6c78",
                            "all_settings.2578083670.name": "InstancePort",
                            "all_settings.2578083670.namespace": "aws:cloudformation:template:parameter",
                            "all_settings.2578083670.resource": "",
                            "all_settings.2578083670.value": "80",
                            "all_settings.2793925069.name": "M2_HOME",
                            "all_settings.2793925069.namespace": "aws:elasticbeanstalk:application:environment",
                            "all_settings.2793925069.resource": "",
                            "all_settings.2793925069.value": "/usr/local/apache-maven",
                            "all_settings.2824564098.name": "RollingUpdateType",
                            "all_settings.2824564098.namespace": "aws:autoscaling:updatepolicy:rollingupdate",
                            "all_settings.2824564098.resource": "",
                            "all_settings.2824564098.value": "Time",
                            "all_settings.28260639.name": "Application Healthcheck URL",
                            "all_settings.28260639.namespace": "aws:elasticbeanstalk:application",
                            "all_settings.28260639.resource": "",
                            "all_settings.28260639.value": "",
                            "all_settings.2843404041.name": "GRADLE_HOME",
                            "all_settings.2843404041.namespace": "aws:elasticbeanstalk:application:environment",
                            "all_settings.2843404041.resource": "",
                            "all_settings.2843404041.value": "/usr/local/gradle",
                            "all_settings.3243179558.name": "ExternalExtensionsS3Key",
                            "all_settings.3243179558.namespace": "aws:elasticbeanstalk:environment",
                            "all_settings.3243179558.resource": "",
                            "all_settings.3243179558.value": "",
                            "all_settings.3263411188.name": "RootVolumeIOPS",
                            "all_settings.3263411188.namespace": "aws:autoscaling:launchconfiguration",
                            "all_settings.3263411188.resource": "",
                            "all_settings.3263411188.value": "",
                            "all_settings.3306012266.name": "JavaStaticFiles",
                            "all_settings.3306012266.namespace": "aws:cloudformation:template:parameter",
                            "all_settings.3306012266.resource": "",
                            "all_settings.3306012266.value": "",
                            "all_settings.3310384179.name": "ServiceRole",
                            "all_settings.3310384179.namespace": "aws:elasticbeanstalk:environment",
                            "all_settings.3310384179.resource": "",
                            "all_settings.3310384179.value": "",
                            "all_settings.3334874421.name": "RollingUpdateEnabled",
                            "all_settings.3334874421.namespace": "aws:autoscaling:updatepolicy:rollingupdate",
                            "all_settings.3334874421.resource": "",
                            "all_settings.3334874421.value": "false",
                            "all_settings.3354438189.name": "Timeout",
                            "all_settings.3354438189.namespace": "aws:autoscaling:updatepolicy:rollingupdate",
                            "all_settings.3354438189.resource": "",
                            "all_settings.3354438189.value": "PT30M",
                            "all_settings.3396910454.name": "HealthCheckSuccessThreshold",
                            "all_settings.3396910454.namespace": "aws:elasticbeanstalk:healthreporting:system",
                            "all_settings.3396910454.resource": "",
                            "all_settings.3396910454.value": "Ok",
                            "all_settings.3435437594.name": "MSG",
                            "all_settings.3435437594.namespace": "aws:elasticbeanstalk:application:environment",
                            "all_settings.3435437594.resource": "",
                            "all_settings.3435437594.value": "Hello from default",
                            "all_settings.3438018982.name": "MonitoringInterval",
                            "all_settings.3438018982.namespace": "aws:autoscaling:launchconfiguration",
                            "all_settings.3438018982.resource": "",
                            "all_settings.3438018982.value": "5 minute",
                            "all_settings.3450082806.name": "DeleteOnTerminate",
                            "all_settings.3450082806.namespace": "aws:elasticbeanstalk:cloudwatch:logs",
                            "all_settings.3450082806.resource": "",
                            "all_settings.3450082806.value": "false",
                            "all_settings.3511459446.name": "RootVolumeSize",
                            "all_settings.3511459446.namespace": "aws:autoscaling:launchconfiguration",
                            "all_settings.3511459446.resource": "",
                            "all_settings.3511459446.value": "",
                            "all_settings.3578234322.name": "SystemType",
                            "all_settings.3578234322.namespace": "aws:elasticbeanstalk:healthreporting:system",
                            "all_settings.3578234322.resource": "",
                            "all_settings.3578234322.value": "basic",
                            "all_settings.3584475532.name": "Notification Topic Name",
                            "all_settings.3584475532.namespace": "aws:elasticbeanstalk:sns:topics",
                            "all_settings.3584475532.resource": "",
                            "all_settings.3584475532.value": "",
                            "all_settings.3603622424.name": "ManagedActionsEnabled",
                            "all_settings.3603622424.namespace": "aws:elasticbeanstalk:managedactions",
                            "all_settings.3603622424.resource": "",
                            "all_settings.3603622424.value": "false",
                            "all_settings.3615478791.name": "MaxBatchSize",
                            "all_settings.3615478791.namespace": "aws:autoscaling:updatepolicy:rollingupdate",
                            "all_settings.3615478791.resource": "",
                            "all_settings.3615478791.value": "",
                            "all_settings.3615826456.name": "ExternalExtensionsS3Bucket",
                            "all_settings.3615826456.namespace": "aws:elasticbeanstalk:environment",
                            "all_settings.3615826456.resource": "",
                            "all_settings.3615826456.value": "",
                            "all_settings.3648591417.name": "Cooldown",
                            "all_settings.3648591417.namespace": "aws:autoscaling:asg",
                            "all_settings.3648591417.resource": "",
                            "all_settings.3648591417.value": "360",
                            "all_settings.3665611509.name": "SecurityGroups",
                            "all_settings.3665611509.namespace": "aws:autoscaling:launchconfiguration",
                            "all_settings.3665611509.resource": "",
                            "all_settings.3665611509.value": "",
                            "all_settings.3705073300.name": "Notification Protocol",
                            "all_settings.3705073300.namespace": "aws:elasticbeanstalk:sns:topics",
                            "all_settings.3705073300.resource": "",
                            "all_settings.3705073300.value": "email",
                            "all_settings.3739434161.name": "IamInstanceProfile",
                            "all_settings.3739434161.namespace": "aws:autoscaling:launchconfiguration",
                            "all_settings.3739434161.resource": "",
                            "all_settings.3739434161.value": "",
                            "all_settings.3757089285.name": "XRAY_ENABLED",
                            "all_settings.3757089285.namespace": "aws:elasticbeanstalk:application:environment",
                            "all_settings.3757089285.resource": "",
                            "all_settings.3757089285.value": "`{ \"Fn::GetOptionSetting\" : {\"Namespace\": \"aws:elasticbeanstalk:xray\", \"OptionName\": \"XRayEnabled\", \"DefaultValue\": \"false\"} }`",
                            "all_settings.3929976136.name": "BatchSize",
                            "all_settings.3929976136.namespace": "aws:elasticbeanstalk:command",
                            "all_settings.3929976136.resource": "",
                            "all_settings.3929976136.value": "100",
                            "all_settings.3981805791.name": "Automatically Terminate Unhealthy Instances",
                            "all_settings.3981805791.namespace": "aws:elasticbeanstalk:monitoring",
                            "all_settings.3981805791.resource": "",
                            "all_settings.3981805791.value": "true",
                            "all_settings.4010736724.name": "EC2KeyName",
                            "all_settings.4010736724.namespace": "aws:autoscaling:launchconfiguration",
                            "all_settings.4010736724.resource": "",
                            "all_settings.4010736724.value": "",
                            "all_settings.4080114419.name": "HooksPkgUrl",
                            "all_settings.4080114419.namespace": "aws:cloudformation:template:parameter",
                            "all_settings.4080114419.resource": "",
                            "all_settings.4080114419.value": "https://s3.amazonaws.com/elasticbeanstalk-env-resources-us-east-1/stalks/eb_java_1.0.58.1/lib/hooks.tar.gz",
                            "all_settings.4136940953.name": "UpdateLevel",
                            "all_settings.4136940953.namespace": "aws:elasticbeanstalk:managedactions:platformupdate",
                            "all_settings.4136940953.resource": "",
                            "all_settings.4136940953.value": "",
                            "all_settings.4145381735.name": "VPCId",
                            "all_settings.4145381735.namespace": "aws:ec2:vpc",
                            "all_settings.4145381735.resource": "",
                            "all_settings.4145381735.value": "vpc-3ac42e43",
                            "all_settings.4167503353.name": "LaunchTimeout",
                            "all_settings.4167503353.namespace": "aws:elasticbeanstalk:control",
                            "all_settings.4167503353.resource": "",
                            "all_settings.4167503353.value": "0",
                            "all_settings.4206728391.name": "EnvironmentVariables",
                            "all_settings.4206728391.namespace": "aws:cloudformation:template:parameter",
                            "all_settings.4206728391.resource": "",
                            "all_settings.4206728391.value": "MSG=Hello from default,PORT=8000,M2=/usr/local/apache-maven/bin,M2_HOME=/usr/local/apache-maven,JAVA_HOME=/usr/lib/jvm/java,XRAY_ENABLED=`{ \"Fn::GetOptionSetting\" : {\"Namespace\": \"aws:elasticbeanstalk:xray\", \"OptionName\": \"XRayEnabled\", \"DefaultValue\": \"false\"} }`,GRADLE_HOME=/usr/local/gradle",
                            "all_settings.433110370.name": "DefaultSSHPort",
                            "all_settings.433110370.namespace": "aws:elasticbeanstalk:control",
                            "all_settings.433110370.resource": "",
                            "all_settings.433110370.value": "22",
                            "all_settings.502734328.name": "SSHSourceRestriction",
                            "all_settings.502734328.namespace": "aws:autoscaling:launchconfiguration",
                            "all_settings.502734328.resource": "",
                            "all_settings.502734328.value": "tcp,22,22,0.0.0.0/0",
                            "all_settings.747815089.name": "BatchSizeType",
                            "all_settings.747815089.namespace": "aws:elasticbeanstalk:command",
                            "all_settings.747815089.resource": "",
                            "all_settings.747815089.value": "Percentage",
                            "all_settings.881749867.name": "Timeout",
                            "all_settings.881749867.namespace": "aws:elasticbeanstalk:command",
                            "all_settings.881749867.resource": "",
                            "all_settings.881749867.value": "600",
                            "all_settings.934067176.name": "RetentionInDays",
                            "all_settings.934067176.namespace": "aws:elasticbeanstalk:cloudwatch:logs",
                            "all_settings.934067176.resource": "",
                            "all_settings.934067176.value": "7",
                            "all_settings.940069638.name": "RollbackLaunchOnFailure",
                            "all_settings.940069638.namespace": "aws:elasticbeanstalk:control",
                            "all_settings.940069638.resource": "",
                            "all_settings.940069638.value": "false",
                            "all_settings.958513585.name": "XRayEnabled",
                            "all_settings.958513585.namespace": "aws:elasticbeanstalk:xray",
                            "all_settings.958513585.resource": "",
                            "all_settings.958513585.value": "true",
                            "all_settings.99280309.name": "EnvironmentType",
                            "all_settings.99280309.namespace": "aws:elasticbeanstalk:environment",
                            "all_settings.99280309.resource": "",
                            "all_settings.99280309.value": "SingleInstance",
                            "application": "tf_getting_started_java",
                            "autoscaling_groups.#": "1",
                            "autoscaling_groups.0": "awseb-e-qwankb2p7q-stack-AWSEBAutoScalingGroup-130WM7LNLPIBX",
                            "cname": "",
                            "cname_prefix": "",
                            "description": "",
                            "id": "e-qwankb2p7q",
                            "instances.#": "0",
                            "launch_configurations.#": "1",
                            "launch_configurations.0": "awseb-e-qwankb2p7q-stack-AWSEBAutoScalingLaunchConfiguration-C2BDTRXP4OCD",
                            "load_balancers.#": "0",
                            "name": "develop",
                            "queues.#": "0",
                            "setting.#": "5",
                            "setting.1283921725.name": "PORT",
                            "setting.1283921725.namespace": "aws:elasticbeanstalk:application:environment",
                            "setting.1283921725.resource": "",
                            "setting.1283921725.value": "8000",
                            "setting.2448050755.name": "Subnets",
                            "setting.2448050755.namespace": "aws:ec2:vpc",
                            "setting.2448050755.resource": "",
                            "setting.2448050755.value": "subnet-64441358",
                            "setting.3435437594.name": "MSG",
                            "setting.3435437594.namespace": "aws:elasticbeanstalk:application:environment",
                            "setting.3435437594.resource": "",
                            "setting.3435437594.value": "Hello from default",
                            "setting.4145381735.name": "VPCId",
                            "setting.4145381735.namespace": "aws:ec2:vpc",
                            "setting.4145381735.resource": "",
                            "setting.4145381735.value": "vpc-3ac42e43",
                            "setting.99280309.name": "EnvironmentType",
                            "setting.99280309.namespace": "aws:elasticbeanstalk:environment",
                            "setting.99280309.resource": "",
                            "setting.99280309.value": "SingleInstance",
                            "solution_stack_name": "64bit Amazon Linux 2016.09 v2.4.4 running Java 8",
                            "tier": "WebServer",
                            "triggers.#": "0",
                            "version_label": "",
                            "wait_for_ready_timeout": "20m"
                        },
                        "meta": {
                            "schema_version": "1"
                        },
                        "tainted": false
                    },
                    "deposed": [],
                    "provider": ""
                },
                "aws_subnet.main": {
                    "type": "aws_subnet",
                    "depends_on": [
                        "aws_vpc.main"
                    ],
                    "primary": {
                        "id": "subnet-64441358",
                        "attributes": {
                            "assign_ipv6_address_on_creation": "false",
                            "availability_zone": "us-east-1e",
                            "cidr_block": "10.0.0.0/16",
                            "id": "subnet-64441358",
                            "map_public_ip_on_launch": "false",
                            "tags.%": "1",
                            "tags.Name": "tf_getting_started_java",
                            "vpc_id": "vpc-3ac42e43"
                        },
                        "meta": {
                            "schema_version": "1"
                        },
                        "tainted": false
                    },
                    "deposed": [],
                    "provider": ""
                },
                "aws_vpc.main": {
                    "type": "aws_vpc",
                    "depends_on": [],
                    "primary": {
                        "id": "vpc-3ac42e43",
                        "attributes": {
                            "assign_generated_ipv6_cidr_block": "false",
                            "cidr_block": "10.0.0.0/16",
                            "default_network_acl_id": "acl-41b53c38",
                            "default_route_table_id": "rtb-0913d871",
                            "default_security_group_id": "sg-5cd75822",
                            "dhcp_options_id": "dopt-bf272edd",
                            "enable_classiclink": "false",
                            "enable_dns_hostnames": "false",
                            "enable_dns_support": "true",
                            "id": "vpc-3ac42e43",
                            "instance_tenancy": "default",
                            "main_route_table_id": "rtb-0913d871",
                            "tags.%": "1",
                            "tags.Name": "tf_getting_started_java"
                        },
                        "meta": {
                            "schema_version": "1"
                        },
                        "tainted": false
                    },
                    "deposed": [],
                    "provider": ""
                }
            },
            "depends_on": []
        }
    ]
}
