{
    "version": 3,
    "terraform_version": "0.9.4",
    "serial": 4,
    "lineage": "240104d7-2029-42bb-929e-892818c0e0ec",
    "modules": [
        {
            "path": [
                "root"
            ],
            "outputs": {},
            "resources": {
                "data.archive_file.main": {
                    "type": "archive_file",
                    "depends_on": [],
                    "primary": {
                        "id": "0b0606471bf742f2099329db16dac448353e3379",
                        "attributes": {
                            "id": "0b0606471bf742f2099329db16dac448353e3379",
                            "output_base64sha256": "ExdDoJB06BLorHcWDmPrU3dleJvtFfsQnuuUC45yMH0=",
                            "output_md5": "dbad2112a5a26667b7f1cbdbe647a3f9",
                            "output_path": "lambda.zip",
                            "output_sha": "0b0606471bf742f2099329db16dac448353e3379",
                            "output_size": "215",
                            "source.#": "0",
                            "source_file": "lambda.py",
                            "type": "zip"
                        },
                        "meta": {},
                        "tainted": false
                    },
                    "deposed": [],
                    "provider": ""
                }
            },
            "depends_on": []
        },
        {
            "path": [
                "root",
                "lambda_scheduled"
            ],
            "outputs": {
                "lambda_arn": {
                    "sensitive": false,
                    "type": "string",
                    "value": "arn:aws:lambda:us-east-1:231712215371:function:my_scheduled_lambda"
                }
            },
            "resources": {
                "aws_cloudwatch_event_rule.lambda": {
                    "type": "aws_cloudwatch_event_rule",
                    "depends_on": [],
                    "primary": {
                        "id": "my_scheduled_lambda",
                        "attributes": {
                            "arn": "arn:aws:events:us-east-1:231712215371:rule/my_scheduled_lambda",
                            "description": "",
                            "id": "my_scheduled_lambda",
                            "is_enabled": "true",
                            "name": "my_scheduled_lambda",
                            "role_arn": "",
                            "schedule_expression": "rate(1 minute)"
                        },
                        "meta": {},
                        "tainted": false
                    },
                    "deposed": [],
                    "provider": ""
                },
                "aws_cloudwatch_event_target.lambda": {
                    "type": "aws_cloudwatch_event_target",
                    "depends_on": [
                        "aws_cloudwatch_event_rule.lambda",
                        "aws_lambda_function.lambda"
                    ],
                    "primary": {
                        "id": "my_scheduled_lambda-my_scheduled_lambda",
                        "attributes": {
                            "arn": "arn:aws:lambda:us-east-1:231712215371:function:my_scheduled_lambda",
                            "id": "my_scheduled_lambda-my_scheduled_lambda",
                            "input": "",
                            "input_path": "",
                            "rule": "my_scheduled_lambda",
                            "target_id": "my_scheduled_lambda"
                        },
                        "meta": {},
                        "tainted": false
                    },
                    "deposed": [],
                    "provider": ""
                },
                "aws_iam_role.lambda": {
                    "type": "aws_iam_role",
                    "depends_on": [],
                    "primary": {
                        "id": "my_scheduled_lambda",
                        "attributes": {
                            "arn": "arn:aws:iam::231712215371:role/my_scheduled_lambda",
                            "assume_role_policy": "{\"Version\":\"2012-10-17\",\"Statement\":[{\"Sid\":\"\",\"Effect\":\"Allow\",\"Principal\":{\"Service\":\"lambda.amazonaws.com\"},\"Action\":\"sts:AssumeRole\"}]}",
                            "create_date": "2017-05-10T20:43:36Z",
                            "id": "my_scheduled_lambda",
                            "name": "my_scheduled_lambda",
                            "path": "/",
                            "unique_id": "AROAIFDEJOWUZ7SONAS7U"
                        },
                        "meta": {},
                        "tainted": false
                    },
                    "deposed": [],
                    "provider": ""
                },
                "aws_iam_role_policy.lambda": {
                    "type": "aws_iam_role_policy",
                    "depends_on": [
                        "aws_iam_role.lambda"
                    ],
                    "primary": {
                        "id": "my_scheduled_lambda:my_scheduled_lambda",
                        "attributes": {
                            "id": "my_scheduled_lambda:my_scheduled_lambda",
                            "name": "my_scheduled_lambda",
                            "policy": "{\n    \"Version\": \"2012-10-17\",\n    \"Statement\": [\n        {\n            \"Effect\": \"Allow\",\n            \"Action\": [\n                \"logs:CreateLogGroup\",\n                \"logs:CreateLogStream\",\n                \"logs:PutLogEvents\"\n            ],\n            \"Resource\": \"*\"\n        }\n    ]\n}\n",
                            "role": "my_scheduled_lambda"
                        },
                        "meta": {},
                        "tainted": false
                    },
                    "deposed": [],
                    "provider": ""
                },
                "aws_lambda_function.lambda": {
                    "type": "aws_lambda_function",
                    "depends_on": [
                        "aws_iam_role.lambda"
                    ],
                    "primary": {
                        "id": "my_scheduled_lambda",
                        "attributes": {
                            "arn": "arn:aws:lambda:us-east-1:231712215371:function:my_scheduled_lambda",
                            "dead_letter_config.#": "0",
                            "description": "",
                            "environment.#": "0",
                            "filename": "lambda.zip",
                            "function_name": "my_scheduled_lambda",
                            "handler": "lambda.handler",
                            "id": "my_scheduled_lambda",
                            "invoke_arn": "arn:aws:apigateway:us-east-1:lambda:path/2015-03-31/functions/arn:aws:lambda:us-east-1:231712215371:function:my_scheduled_lambda/invocations",
                            "kms_key_arn": "",
                            "last_modified": "2017-05-10T20:56:55.424+0000",
                            "memory_size": "128",
                            "publish": "false",
                            "qualified_arn": "arn:aws:lambda:us-east-1:231712215371:function:my_scheduled_lambda:$LATEST",
                            "role": "arn:aws:iam::231712215371:role/my_scheduled_lambda",
                            "runtime": "python2.7",
                            "source_code_hash": "ExdDoJB06BLorHcWDmPrU3dleJvtFfsQnuuUC45yMH0=",
                            "tags.%": "0",
                            "timeout": "3",
                            "version": "$LATEST",
                            "vpc_config.#": "0"
                        },
                        "meta": {},
                        "tainted": false
                    },
                    "deposed": [],
                    "provider": ""
                },
                "aws_lambda_permission.cloudwatch": {
                    "type": "aws_lambda_permission",
                    "depends_on": [
                        "aws_cloudwatch_event_rule.lambda",
                        "aws_lambda_function.lambda"
                    ],
                    "primary": {
                        "id": "AllowExecutionFromCloudWatch",
                        "attributes": {
                            "action": "lambda:InvokeFunction",
                            "function_name": "arn:aws:lambda:us-east-1:231712215371:function:my_scheduled_lambda",
                            "id": "AllowExecutionFromCloudWatch",
                            "principal": "events.amazonaws.com",
                            "qualifier": "",
                            "source_arn": "arn:aws:events:us-east-1:231712215371:rule/my_scheduled_lambda",
                            "statement_id": "AllowExecutionFromCloudWatch"
                        },
                        "meta": {},
                        "tainted": false
                    },
                    "deposed": [],
                    "provider": ""
                }
            },
            "depends_on": []
        }
    ]
}
